// !$*UTF8*$!
{
	archiveVersion = 1;
	classes = {
	};
	objectVersion = 56;
	objects = {

/* Begin PBXBuildFile section */
		FF4135982AE1AF0C00094AC5 /* ArcPreviewApp.swift in Sources */ = {isa = PBXBuildFile; fileRef = FF4135972AE1AF0C00094AC5 /* ArcPreviewApp.swift */; };
		FF41359A2AE1AF0C00094AC5 /* ContentView.swift in Sources */ = {isa = PBXBuildFile; fileRef = FF4135992AE1AF0C00094AC5 /* ContentView.swift */; };
		FF41359C2AE1AF0C00094AC5 /* Assets.xcassets in Resources */ = {isa = PBXBuildFile; fileRef = FF41359B2AE1AF0C00094AC5 /* Assets.xcassets */; };
		FF41359F2AE1AF0C00094AC5 /* Preview Assets.xcassets in Resources */ = {isa = PBXBuildFile; fileRef = FF41359E2AE1AF0C00094AC5 /* Preview Assets.xcassets */; };
		FF4135A92AE1AF0D00094AC5 /* ArcPreviewTests.swift in Sources */ = {isa = PBXBuildFile; fileRef = FF4135A82AE1AF0D00094AC5 /* ArcPreviewTests.swift */; };
		FF4135B32AE1AF0D00094AC5 /* ArcPreviewUITests.swift in Sources */ = {isa = PBXBuildFile; fileRef = FF4135B22AE1AF0D00094AC5 /* ArcPreviewUITests.swift */; };
		FF4135B52AE1AF0D00094AC5 /* ArcPreviewUITestsLaunchTests.swift in Sources */ = {isa = PBXBuildFile; fileRef = FF4135B42AE1AF0D00094AC5 /* ArcPreviewUITestsLaunchTests.swift */; };
		FF4135C62AE1B07200094AC5 /* WashUArcWrapper-iOS in Frameworks */ = {isa = PBXBuildFile; productRef = FF4135C52AE1B07200094AC5 /* WashUArcWrapper-iOS */; };
		FF4135C92AE1B0A200094AC5 /* BridgeClient in Frameworks */ = {isa = PBXBuildFile; productRef = FF4135C82AE1B0A200094AC5 /* BridgeClient */; };
/* End PBXBuildFile section */

/* Begin PBXContainerItemProxy section */
		FF4135A52AE1AF0D00094AC5 /* PBXContainerItemProxy */ = {
			isa = PBXContainerItemProxy;
			containerPortal = FF41358C2AE1AF0C00094AC5 /* Project object */;
			proxyType = 1;
			remoteGlobalIDString = FF4135932AE1AF0C00094AC5;
			remoteInfo = ArcPreview;
		};
		FF4135AF2AE1AF0D00094AC5 /* PBXContainerItemProxy */ = {
			isa = PBXContainerItemProxy;
			containerPortal = FF41358C2AE1AF0C00094AC5 /* Project object */;
			proxyType = 1;
			remoteGlobalIDString = FF4135932AE1AF0C00094AC5;
			remoteInfo = ArcPreview;
		};
/* End PBXContainerItemProxy section */

/* Begin PBXFileReference section */
		FF4135942AE1AF0C00094AC5 /* ArcPreview.app */ = {isa = PBXFileReference; explicitFileType = wrapper.application; includeInIndex = 0; path = ArcPreview.app; sourceTree = BUILT_PRODUCTS_DIR; };
		FF4135972AE1AF0C00094AC5 /* ArcPreviewApp.swift */ = {isa = PBXFileReference; lastKnownFileType = sourcecode.swift; path = ArcPreviewApp.swift; sourceTree = "<group>"; };
		FF4135992AE1AF0C00094AC5 /* ContentView.swift */ = {isa = PBXFileReference; lastKnownFileType = sourcecode.swift; path = ContentView.swift; sourceTree = "<group>"; };
		FF41359B2AE1AF0C00094AC5 /* Assets.xcassets */ = {isa = PBXFileReference; lastKnownFileType = folder.assetcatalog; path = Assets.xcassets; sourceTree = "<group>"; };
		FF41359E2AE1AF0C00094AC5 /* Preview Assets.xcassets */ = {isa = PBXFileReference; lastKnownFileType = folder.assetcatalog; path = "Preview Assets.xcassets"; sourceTree = "<group>"; };
		FF4135A42AE1AF0D00094AC5 /* ArcPreviewTests.xctest */ = {isa = PBXFileReference; explicitFileType = wrapper.cfbundle; includeInIndex = 0; path = ArcPreviewTests.xctest; sourceTree = BUILT_PRODUCTS_DIR; };
		FF4135A82AE1AF0D00094AC5 /* ArcPreviewTests.swift */ = {isa = PBXFileReference; lastKnownFileType = sourcecode.swift; path = ArcPreviewTests.swift; sourceTree = "<group>"; };
		FF4135AE2AE1AF0D00094AC5 /* ArcPreviewUITests.xctest */ = {isa = PBXFileReference; explicitFileType = wrapper.cfbundle; includeInIndex = 0; path = ArcPreviewUITests.xctest; sourceTree = BUILT_PRODUCTS_DIR; };
		FF4135B22AE1AF0D00094AC5 /* ArcPreviewUITests.swift */ = {isa = PBXFileReference; lastKnownFileType = sourcecode.swift; path = ArcPreviewUITests.swift; sourceTree = "<group>"; };
		FF4135B42AE1AF0D00094AC5 /* ArcPreviewUITestsLaunchTests.swift */ = {isa = PBXFileReference; lastKnownFileType = sourcecode.swift; path = ArcPreviewUITestsLaunchTests.swift; sourceTree = "<group>"; };
		FF4135C12AE1AF9700094AC5 /* WashUArcWrapper-iOS */ = {isa = PBXFileReference; lastKnownFileType = wrapper; name = "WashUArcWrapper-iOS"; path = ..; sourceTree = "<group>"; };
/* End PBXFileReference section */

/* Begin PBXFrameworksBuildPhase section */
		FF4135912AE1AF0C00094AC5 /* Frameworks */ = {
			isa = PBXFrameworksBuildPhase;
			buildActionMask = 2147483647;
			files = (
				FF4135C92AE1B0A200094AC5 /* BridgeClient in Frameworks */,
				FF4135C62AE1B07200094AC5 /* WashUArcWrapper-iOS in Frameworks */,
			);
			runOnlyForDeploymentPostprocessing = 0;
		};
		FF4135A12AE1AF0D00094AC5 /* Frameworks */ = {
			isa = PBXFrameworksBuildPhase;
			buildActionMask = 2147483647;
			files = (
			);
			runOnlyForDeploymentPostprocessing = 0;
		};
		FF4135AB2AE1AF0D00094AC5 /* Frameworks */ = {
			isa = PBXFrameworksBuildPhase;
			buildActionMask = 2147483647;
			files = (
			);
			runOnlyForDeploymentPostprocessing = 0;
		};
/* End PBXFrameworksBuildPhase section */

/* Begin PBXGroup section */
		FF41358B2AE1AF0C00094AC5 = {
			isa = PBXGroup;
			children = (
				FF4135C12AE1AF9700094AC5 /* WashUArcWrapper-iOS */,
				FF4135962AE1AF0C00094AC5 /* ArcPreview */,
				FF4135A72AE1AF0D00094AC5 /* ArcPreviewTests */,
				FF4135B12AE1AF0D00094AC5 /* ArcPreviewUITests */,
				FF4135952AE1AF0C00094AC5 /* Products */,
				FF4135C42AE1B07200094AC5 /* Frameworks */,
			);
			sourceTree = "<group>";
		};
		FF4135952AE1AF0C00094AC5 /* Products */ = {
			isa = PBXGroup;
			children = (
				FF4135942AE1AF0C00094AC5 /* ArcPreview.app */,
				FF4135A42AE1AF0D00094AC5 /* ArcPreviewTests.xctest */,
				FF4135AE2AE1AF0D00094AC5 /* ArcPreviewUITests.xctest */,
			);
			name = Products;
			sourceTree = "<group>";
		};
		FF4135962AE1AF0C00094AC5 /* ArcPreview */ = {
			isa = PBXGroup;
			children = (
				FF4135972AE1AF0C00094AC5 /* ArcPreviewApp.swift */,
				FF4135992AE1AF0C00094AC5 /* ContentView.swift */,
				FF41359B2AE1AF0C00094AC5 /* Assets.xcassets */,
				FF41359D2AE1AF0C00094AC5 /* Preview Content */,
			);
			path = ArcPreview;
			sourceTree = "<group>";
		};
		FF41359D2AE1AF0C00094AC5 /* Preview Content */ = {
			isa = PBXGroup;
			children = (
				FF41359E2AE1AF0C00094AC5 /* Preview Assets.xcassets */,
			);
			path = "Preview Content";
			sourceTree = "<group>";
		};
		FF4135A72AE1AF0D00094AC5 /* ArcPreviewTests */ = {
			isa = PBXGroup;
			children = (
				FF4135A82AE1AF0D00094AC5 /* ArcPreviewTests.swift */,
			);
			path = ArcPreviewTests;
			sourceTree = "<group>";
		};
		FF4135B12AE1AF0D00094AC5 /* ArcPreviewUITests */ = {
			isa = PBXGroup;
			children = (
				FF4135B22AE1AF0D00094AC5 /* ArcPreviewUITests.swift */,
				FF4135B42AE1AF0D00094AC5 /* ArcPreviewUITestsLaunchTests.swift */,
			);
			path = ArcPreviewUITests;
			sourceTree = "<group>";
		};
		FF4135C42AE1B07200094AC5 /* Frameworks */ = {
			isa = PBXGroup;
			children = (
			);
			name = Frameworks;
			sourceTree = "<group>";
		};
/* End PBXGroup section */

/* Begin PBXNativeTarget section */
		FF4135932AE1AF0C00094AC5 /* ArcPreview */ = {
			isa = PBXNativeTarget;
			buildConfigurationList = FF4135B82AE1AF0D00094AC5 /* Build configuration list for PBXNativeTarget "ArcPreview" */;
			buildPhases = (
				FF4135902AE1AF0C00094AC5 /* Sources */,
				FF4135912AE1AF0C00094AC5 /* Frameworks */,
				FF4135922AE1AF0C00094AC5 /* Resources */,
			);
			buildRules = (
			);
			dependencies = (
			);
			name = ArcPreview;
			packageProductDependencies = (
				FF4135C52AE1B07200094AC5 /* WashUArcWrapper-iOS */,
				FF4135C82AE1B0A200094AC5 /* BridgeClient */,
			);
			productName = ArcPreview;
			productReference = FF4135942AE1AF0C00094AC5 /* ArcPreview.app */;
			productType = "com.apple.product-type.application";
		};
		FF4135A32AE1AF0D00094AC5 /* ArcPreviewTests */ = {
			isa = PBXNativeTarget;
			buildConfigurationList = FF4135BB2AE1AF0D00094AC5 /* Build configuration list for PBXNativeTarget "ArcPreviewTests" */;
			buildPhases = (
				FF4135A02AE1AF0D00094AC5 /* Sources */,
				FF4135A12AE1AF0D00094AC5 /* Frameworks */,
				FF4135A22AE1AF0D00094AC5 /* Resources */,
			);
			buildRules = (
			);
			dependencies = (
				FF4135A62AE1AF0D00094AC5 /* PBXTargetDependency */,
			);
			name = ArcPreviewTests;
			productName = ArcPreviewTests;
			productReference = FF4135A42AE1AF0D00094AC5 /* ArcPreviewTests.xctest */;
			productType = "com.apple.product-type.bundle.unit-test";
		};
		FF4135AD2AE1AF0D00094AC5 /* ArcPreviewUITests */ = {
			isa = PBXNativeTarget;
			buildConfigurationList = FF4135BE2AE1AF0D00094AC5 /* Build configuration list for PBXNativeTarget "ArcPreviewUITests" */;
			buildPhases = (
				FF4135AA2AE1AF0D00094AC5 /* Sources */,
				FF4135AB2AE1AF0D00094AC5 /* Frameworks */,
				FF4135AC2AE1AF0D00094AC5 /* Resources */,
			);
			buildRules = (
			);
			dependencies = (
				FF4135B02AE1AF0D00094AC5 /* PBXTargetDependency */,
			);
			name = ArcPreviewUITests;
			productName = ArcPreviewUITests;
			productReference = FF4135AE2AE1AF0D00094AC5 /* ArcPreviewUITests.xctest */;
			productType = "com.apple.product-type.bundle.ui-testing";
		};
/* End PBXNativeTarget section */

/* Begin PBXProject section */
		FF41358C2AE1AF0C00094AC5 /* Project object */ = {
			isa = PBXProject;
			attributes = {
				BuildIndependentTargetsInParallel = 1;
				LastSwiftUpdateCheck = 1500;
				LastUpgradeCheck = 1500;
				TargetAttributes = {
					FF4135932AE1AF0C00094AC5 = {
						CreatedOnToolsVersion = 15.0;
					};
					FF4135A32AE1AF0D00094AC5 = {
						CreatedOnToolsVersion = 15.0;
						TestTargetID = FF4135932AE1AF0C00094AC5;
					};
					FF4135AD2AE1AF0D00094AC5 = {
						CreatedOnToolsVersion = 15.0;
						TestTargetID = FF4135932AE1AF0C00094AC5;
					};
				};
			};
			buildConfigurationList = FF41358F2AE1AF0C00094AC5 /* Build configuration list for PBXProject "ArcPreview" */;
			compatibilityVersion = "Xcode 14.0";
			developmentRegion = en;
			hasScannedForEncodings = 0;
			knownRegions = (
				en,
				Base,
			);
			mainGroup = FF41358B2AE1AF0C00094AC5;
			packageReferences = (
				FF4135C72AE1B0A200094AC5 /* XCRemoteSwiftPackageReference "BridgeClientKMM" */,
			);
			productRefGroup = FF4135952AE1AF0C00094AC5 /* Products */;
			projectDirPath = "";
			projectRoot = "";
			targets = (
				FF4135932AE1AF0C00094AC5 /* ArcPreview */,
				FF4135A32AE1AF0D00094AC5 /* ArcPreviewTests */,
				FF4135AD2AE1AF0D00094AC5 /* ArcPreviewUITests */,
			);
		};
/* End PBXProject section */

/* Begin PBXResourcesBuildPhase section */
		FF4135922AE1AF0C00094AC5 /* Resources */ = {
			isa = PBXResourcesBuildPhase;
			buildActionMask = 2147483647;
			files = (
				FF41359F2AE1AF0C00094AC5 /* Preview Assets.xcassets in Resources */,
				FF41359C2AE1AF0C00094AC5 /* Assets.xcassets in Resources */,
			);
			runOnlyForDeploymentPostprocessing = 0;
		};
		FF4135A22AE1AF0D00094AC5 /* Resources */ = {
			isa = PBXResourcesBuildPhase;
			buildActionMask = 2147483647;
			files = (
			);
			runOnlyForDeploymentPostprocessing = 0;
		};
		FF4135AC2AE1AF0D00094AC5 /* Resources */ = {
			isa = PBXResourcesBuildPhase;
			buildActionMask = 2147483647;
			files = (
			);
			runOnlyForDeploymentPostprocessing = 0;
		};
/* End PBXResourcesBuildPhase section */

/* Begin PBXSourcesBuildPhase section */
		FF4135902AE1AF0C00094AC5 /* Sources */ = {
			isa = PBXSourcesBuildPhase;
			buildActionMask = 2147483647;
			files = (
				FF41359A2AE1AF0C00094AC5 /* ContentView.swift in Sources */,
				FF4135982AE1AF0C00094AC5 /* ArcPreviewApp.swift in Sources */,
			);
			runOnlyForDeploymentPostprocessing = 0;
		};
		FF4135A02AE1AF0D00094AC5 /* Sources */ = {
			isa = PBXSourcesBuildPhase;
			buildActionMask = 2147483647;
			files = (
				FF4135A92AE1AF0D00094AC5 /* ArcPreviewTests.swift in Sources */,
			);
			runOnlyForDeploymentPostprocessing = 0;
		};
		FF4135AA2AE1AF0D00094AC5 /* Sources */ = {
			isa = PBXSourcesBuildPhase;
			buildActionMask = 2147483647;
			files = (
				FF4135B52AE1AF0D00094AC5 /* ArcPreviewUITestsLaunchTests.swift in Sources */,
				FF4135B32AE1AF0D00094AC5 /* ArcPreviewUITests.swift in Sources */,
			);
			runOnlyForDeploymentPostprocessing = 0;
		};
/* End PBXSourcesBuildPhase section */

/* Begin PBXTargetDependency section */
		FF4135A62AE1AF0D00094AC5 /* PBXTargetDependency */ = {
			isa = PBXTargetDependency;
			target = FF4135932AE1AF0C00094AC5 /* ArcPreview */;
			targetProxy = FF4135A52AE1AF0D00094AC5 /* PBXContainerItemProxy */;
		};
		FF4135B02AE1AF0D00094AC5 /* PBXTargetDependency */ = {
			isa = PBXTargetDependency;
			target = FF4135932AE1AF0C00094AC5 /* ArcPreview */;
			targetProxy = FF4135AF2AE1AF0D00094AC5 /* PBXContainerItemProxy */;
		};
/* End PBXTargetDependency section */

/* Begin XCBuildConfiguration section */
		FF4135B62AE1AF0D00094AC5 /* Debug */ = {
			isa = XCBuildConfiguration;
			buildSettings = {
				ALWAYS_SEARCH_USER_PATHS = NO;
				ASSETCATALOG_COMPILER_GENERATE_SWIFT_ASSET_SYMBOL_EXTENSIONS = YES;
				CLANG_ANALYZER_NONNULL = YES;
				CLANG_ANALYZER_NUMBER_OBJECT_CONVERSION = YES_AGGRESSIVE;
				CLANG_CXX_LANGUAGE_STANDARD = "gnu++20";
				CLANG_ENABLE_MODULES = YES;
				CLANG_ENABLE_OBJC_ARC = YES;
				CLANG_ENABLE_OBJC_WEAK = YES;
				CLANG_WARN_BLOCK_CAPTURE_AUTORELEASING = YES;
				CLANG_WARN_BOOL_CONVERSION = YES;
				CLANG_WARN_COMMA = YES;
				CLANG_WARN_CONSTANT_CONVERSION = YES;
				CLANG_WARN_DEPRECATED_OBJC_IMPLEMENTATIONS = YES;
				CLANG_WARN_DIRECT_OBJC_ISA_USAGE = YES_ERROR;
				CLANG_WARN_DOCUMENTATION_COMMENTS = YES;
				CLANG_WARN_EMPTY_BODY = YES;
				CLANG_WARN_ENUM_CONVERSION = YES;
				CLANG_WARN_INFINITE_RECURSION = YES;
				CLANG_WARN_INT_CONVERSION = YES;
				CLANG_WARN_NON_LITERAL_NULL_CONVERSION = YES;
				CLANG_WARN_OBJC_IMPLICIT_RETAIN_SELF = YES;
				CLANG_WARN_OBJC_LITERAL_CONVERSION = YES;
				CLANG_WARN_OBJC_ROOT_CLASS = YES_ERROR;
				CLANG_WARN_QUOTED_INCLUDE_IN_FRAMEWORK_HEADER = YES;
				CLANG_WARN_RANGE_LOOP_ANALYSIS = YES;
				CLANG_WARN_STRICT_PROTOTYPES = YES;
				CLANG_WARN_SUSPICIOUS_MOVE = YES;
				CLANG_WARN_UNGUARDED_AVAILABILITY = YES_AGGRESSIVE;
				CLANG_WARN_UNREACHABLE_CODE = YES;
				CLANG_WARN__DUPLICATE_METHOD_MATCH = YES;
				COPY_PHASE_STRIP = NO;
				DEBUG_INFORMATION_FORMAT = dwarf;
				ENABLE_STRICT_OBJC_MSGSEND = YES;
				ENABLE_TESTABILITY = YES;
				ENABLE_USER_SCRIPT_SANDBOXING = YES;
				GCC_C_LANGUAGE_STANDARD = gnu17;
				GCC_DYNAMIC_NO_PIC = NO;
				GCC_NO_COMMON_BLOCKS = YES;
				GCC_OPTIMIZATION_LEVEL = 0;
				GCC_PREPROCESSOR_DEFINITIONS = (
					"DEBUG=1",
					"$(inherited)",
				);
				GCC_WARN_64_TO_32_BIT_CONVERSION = YES;
				GCC_WARN_ABOUT_RETURN_TYPE = YES_ERROR;
				GCC_WARN_UNDECLARED_SELECTOR = YES;
				GCC_WARN_UNINITIALIZED_AUTOS = YES_AGGRESSIVE;
				GCC_WARN_UNUSED_FUNCTION = YES;
				GCC_WARN_UNUSED_VARIABLE = YES;
				IPHONEOS_DEPLOYMENT_TARGET = 17.0;
				LOCALIZATION_PREFERS_STRING_CATALOGS = YES;
				MTL_ENABLE_DEBUG_INFO = INCLUDE_SOURCE;
				MTL_FAST_MATH = YES;
				ONLY_ACTIVE_ARCH = YES;
				SDKROOT = iphoneos;
				SWIFT_ACTIVE_COMPILATION_CONDITIONS = "DEBUG $(inherited)";
				SWIFT_OPTIMIZATION_LEVEL = "-Onone";
			};
			name = Debug;
		};
		FF4135B72AE1AF0D00094AC5 /* Release */ = {
			isa = XCBuildConfiguration;
			buildSettings = {
				ALWAYS_SEARCH_USER_PATHS = NO;
				ASSETCATALOG_COMPILER_GENERATE_SWIFT_ASSET_SYMBOL_EXTENSIONS = YES;
				CLANG_ANALYZER_NONNULL = YES;
				CLANG_ANALYZER_NUMBER_OBJECT_CONVERSION = YES_AGGRESSIVE;
				CLANG_CXX_LANGUAGE_STANDARD = "gnu++20";
				CLANG_ENABLE_MODULES = YES;
				CLANG_ENABLE_OBJC_ARC = YES;
				CLANG_ENABLE_OBJC_WEAK = YES;
				CLANG_WARN_BLOCK_CAPTURE_AUTORELEASING = YES;
				CLANG_WARN_BOOL_CONVERSION = YES;
				CLANG_WARN_COMMA = YES;
				CLANG_WARN_CONSTANT_CONVERSION = YES;
				CLANG_WARN_DEPRECATED_OBJC_IMPLEMENTATIONS = YES;
				CLANG_WARN_DIRECT_OBJC_ISA_USAGE = YES_ERROR;
				CLANG_WARN_DOCUMENTATION_COMMENTS = YES;
				CLANG_WARN_EMPTY_BODY = YES;
				CLANG_WARN_ENUM_CONVERSION = YES;
				CLANG_WARN_INFINITE_RECURSION = YES;
				CLANG_WARN_INT_CONVERSION = YES;
				CLANG_WARN_NON_LITERAL_NULL_CONVERSION = YES;
				CLANG_WARN_OBJC_IMPLICIT_RETAIN_SELF = YES;
				CLANG_WARN_OBJC_LITERAL_CONVERSION = YES;
				CLANG_WARN_OBJC_ROOT_CLASS = YES_ERROR;
				CLANG_WARN_QUOTED_INCLUDE_IN_FRAMEWORK_HEADER = YES;
				CLANG_WARN_RANGE_LOOP_ANALYSIS = YES;
				CLANG_WARN_STRICT_PROTOTYPES = YES;
				CLANG_WARN_SUSPICIOUS_MOVE = YES;
				CLANG_WARN_UNGUARDED_AVAILABILITY = YES_AGGRESSIVE;
				CLANG_WARN_UNREACHABLE_CODE = YES;
				CLANG_WARN__DUPLICATE_METHOD_MATCH = YES;
				COPY_PHASE_STRIP = NO;
				DEBUG_INFORMATION_FORMAT = "dwarf-with-dsym";
				ENABLE_NS_ASSERTIONS = NO;
				ENABLE_STRICT_OBJC_MSGSEND = YES;
				ENABLE_USER_SCRIPT_SANDBOXING = YES;
				GCC_C_LANGUAGE_STANDARD = gnu17;
				GCC_NO_COMMON_BLOCKS = YES;
				GCC_WARN_64_TO_32_BIT_CONVERSION = YES;
				GCC_WARN_ABOUT_RETURN_TYPE = YES_ERROR;
				GCC_WARN_UNDECLARED_SELECTOR = YES;
				GCC_WARN_UNINITIALIZED_AUTOS = YES_AGGRESSIVE;
				GCC_WARN_UNUSED_FUNCTION = YES;
				GCC_WARN_UNUSED_VARIABLE = YES;
				IPHONEOS_DEPLOYMENT_TARGET = 17.0;
				LOCALIZATION_PREFERS_STRING_CATALOGS = YES;
				MTL_ENABLE_DEBUG_INFO = NO;
				MTL_FAST_MATH = YES;
				SDKROOT = iphoneos;
				SWIFT_COMPILATION_MODE = wholemodule;
				VALIDATE_PRODUCT = YES;
			};
			name = Release;
		};
		FF4135B92AE1AF0D00094AC5 /* Debug */ = {
			isa = XCBuildConfiguration;
			buildSettings = {
				ASSETCATALOG_COMPILER_APPICON_NAME = AppIcon;
				ASSETCATALOG_COMPILER_GLOBAL_ACCENT_COLOR_NAME = AccentColor;
				CODE_SIGN_STYLE = Automatic;
				CURRENT_PROJECT_VERSION = 1;
				DEVELOPMENT_ASSET_PATHS = "\"ArcPreview/Preview Content\"";
				DEVELOPMENT_TEAM = KA9Z8R6M6K;
				ENABLE_PREVIEWS = YES;
				GENERATE_INFOPLIST_FILE = YES;
				INFOPLIST_KEY_UIApplicationSceneManifest_Generation = YES;
				INFOPLIST_KEY_UIApplicationSupportsIndirectInputEvents = YES;
				INFOPLIST_KEY_UILaunchScreen_Generation = YES;
				INFOPLIST_KEY_UISupportedInterfaceOrientations_iPad = "UIInterfaceOrientationPortrait UIInterfaceOrientationPortraitUpsideDown UIInterfaceOrientationLandscapeLeft UIInterfaceOrientationLandscapeRight";
				INFOPLIST_KEY_UISupportedInterfaceOrientations_iPhone = "UIInterfaceOrientationPortrait UIInterfaceOrientationLandscapeLeft UIInterfaceOrientationLandscapeRight";
				LD_RUNPATH_SEARCH_PATHS = (
					"$(inherited)",
					"@executable_path/Frameworks",
				);
				MARKETING_VERSION = 1.0;
				PRODUCT_BUNDLE_IDENTIFIER = org.sagebase.ArcPreview;
				PRODUCT_NAME = "$(TARGET_NAME)";
				SWIFT_EMIT_LOC_STRINGS = YES;
				SWIFT_VERSION = 5.0;
				TARGETED_DEVICE_FAMILY = "1,2";
			};
			name = Debug;
		};
		FF4135BA2AE1AF0D00094AC5 /* Release */ = {
			isa = XCBuildConfiguration;
			buildSettings = {
				ASSETCATALOG_COMPILER_APPICON_NAME = AppIcon;
				ASSETCATALOG_COMPILER_GLOBAL_ACCENT_COLOR_NAME = AccentColor;
				CODE_SIGN_STYLE = Automatic;
				CURRENT_PROJECT_VERSION = 1;
				DEVELOPMENT_ASSET_PATHS = "\"ArcPreview/Preview Content\"";
				DEVELOPMENT_TEAM = KA9Z8R6M6K;
				ENABLE_PREVIEWS = YES;
				GENERATE_INFOPLIST_FILE = YES;
				INFOPLIST_KEY_UIApplicationSceneManifest_Generation = YES;
				INFOPLIST_KEY_UIApplicationSupportsIndirectInputEvents = YES;
				INFOPLIST_KEY_UILaunchScreen_Generation = YES;
				INFOPLIST_KEY_UISupportedInterfaceOrientations_iPad = "UIInterfaceOrientationPortrait UIInterfaceOrientationPortraitUpsideDown UIInterfaceOrientationLandscapeLeft UIInterfaceOrientationLandscapeRight";
				INFOPLIST_KEY_UISupportedInterfaceOrientations_iPhone = "UIInterfaceOrientationPortrait UIInterfaceOrientationLandscapeLeft UIInterfaceOrientationLandscapeRight";
				LD_RUNPATH_SEARCH_PATHS = (
					"$(inherited)",
					"@executable_path/Frameworks",
				);
				MARKETING_VERSION = 1.0;
				PRODUCT_BUNDLE_IDENTIFIER = org.sagebase.ArcPreview;
				PRODUCT_NAME = "$(TARGET_NAME)";
				SWIFT_EMIT_LOC_STRINGS = YES;
				SWIFT_VERSION = 5.0;
				TARGETED_DEVICE_FAMILY = "1,2";
			};
			name = Release;
		};
		FF4135BC2AE1AF0D00094AC5 /* Debug */ = {
			isa = XCBuildConfiguration;
			buildSettings = {
				ALWAYS_EMBED_SWIFT_STANDARD_LIBRARIES = YES;
				BUNDLE_LOADER = "$(TEST_HOST)";
				CODE_SIGN_STYLE = Automatic;
				CURRENT_PROJECT_VERSION = 1;
				DEVELOPMENT_TEAM = KA9Z8R6M6K;
				GENERATE_INFOPLIST_FILE = YES;
				IPHONEOS_DEPLOYMENT_TARGET = 17.0;
				MARKETING_VERSION = 1.0;
				PRODUCT_BUNDLE_IDENTIFIER = org.sagebase.ArcPreviewTests;
				PRODUCT_NAME = "$(TARGET_NAME)";
				SWIFT_EMIT_LOC_STRINGS = NO;
				SWIFT_VERSION = 5.0;
				TARGETED_DEVICE_FAMILY = "1,2";
				TEST_HOST = "$(BUILT_PRODUCTS_DIR)/ArcPreview.app/$(BUNDLE_EXECUTABLE_FOLDER_PATH)/ArcPreview";
			};
			name = Debug;
		};
		FF4135BD2AE1AF0D00094AC5 /* Release */ = {
			isa = XCBuildConfiguration;
			buildSettings = {
				ALWAYS_EMBED_SWIFT_STANDARD_LIBRARIES = YES;
				BUNDLE_LOADER = "$(TEST_HOST)";
				CODE_SIGN_STYLE = Automatic;
				CURRENT_PROJECT_VERSION = 1;
				DEVELOPMENT_TEAM = KA9Z8R6M6K;
				GENERATE_INFOPLIST_FILE = YES;
				IPHONEOS_DEPLOYMENT_TARGET = 17.0;
				MARKETING_VERSION = 1.0;
				PRODUCT_BUNDLE_IDENTIFIER = org.sagebase.ArcPreviewTests;
				PRODUCT_NAME = "$(TARGET_NAME)";
				SWIFT_EMIT_LOC_STRINGS = NO;
				SWIFT_VERSION = 5.0;
				TARGETED_DEVICE_FAMILY = "1,2";
				TEST_HOST = "$(BUILT_PRODUCTS_DIR)/ArcPreview.app/$(BUNDLE_EXECUTABLE_FOLDER_PATH)/ArcPreview";
			};
			name = Release;
		};
		FF4135BF2AE1AF0D00094AC5 /* Debug */ = {
			isa = XCBuildConfiguration;
			buildSettings = {
				ALWAYS_EMBED_SWIFT_STANDARD_LIBRARIES = YES;
				CODE_SIGN_STYLE = Automatic;
				CURRENT_PROJECT_VERSION = 1;
				DEVELOPMENT_TEAM = KA9Z8R6M6K;
				GENERATE_INFOPLIST_FILE = YES;
				MARKETING_VERSION = 1.0;
				PRODUCT_BUNDLE_IDENTIFIER = org.sagebase.ArcPreviewUITests;
				PRODUCT_NAME = "$(TARGET_NAME)";
				SWIFT_EMIT_LOC_STRINGS = NO;
				SWIFT_VERSION = 5.0;
				TARGETED_DEVICE_FAMILY = "1,2";
				TEST_TARGET_NAME = ArcPreview;
			};
			name = Debug;
		};
		FF4135C02AE1AF0D00094AC5 /* Release */ = {
			isa = XCBuildConfiguration;
			buildSettings = {
				ALWAYS_EMBED_SWIFT_STANDARD_LIBRARIES = YES;
				CODE_SIGN_STYLE = Automatic;
				CURRENT_PROJECT_VERSION = 1;
				DEVELOPMENT_TEAM = KA9Z8R6M6K;
				GENERATE_INFOPLIST_FILE = YES;
				MARKETING_VERSION = 1.0;
				PRODUCT_BUNDLE_IDENTIFIER = org.sagebase.ArcPreviewUITests;
				PRODUCT_NAME = "$(TARGET_NAME)";
				SWIFT_EMIT_LOC_STRINGS = NO;
				SWIFT_VERSION = 5.0;
				TARGETED_DEVICE_FAMILY = "1,2";
				TEST_TARGET_NAME = ArcPreview;
			};
			name = Release;
		};
/* End XCBuildConfiguration section */

/* Begin XCConfigurationList section */
		FF41358F2AE1AF0C00094AC5 /* Build configuration list for PBXProject "ArcPreview" */ = {
			isa = XCConfigurationList;
			buildConfigurations = (
				FF4135B62AE1AF0D00094AC5 /* Debug */,
				FF4135B72AE1AF0D00094AC5 /* Release */,
			);
			defaultConfigurationIsVisible = 0;
			defaultConfigurationName = Release;
		};
		FF4135B82AE1AF0D00094AC5 /* Build configuration list for PBXNativeTarget "ArcPreview" */ = {
			isa = XCConfigurationList;
			buildConfigurations = (
				FF4135B92AE1AF0D00094AC5 /* Debug */,
				FF4135BA2AE1AF0D00094AC5 /* Release */,
			);
			defaultConfigurationIsVisible = 0;
			defaultConfigurationName = Release;
		};
		FF4135BB2AE1AF0D00094AC5 /* Build configuration list for PBXNativeTarget "ArcPreviewTests" */ = {
			isa = XCConfigurationList;
			buildConfigurations = (
				FF4135BC2AE1AF0D00094AC5 /* Debug */,
				FF4135BD2AE1AF0D00094AC5 /* Release */,
			);
			defaultConfigurationIsVisible = 0;
			defaultConfigurationName = Release;
		};
		FF4135BE2AE1AF0D00094AC5 /* Build configuration list for PBXNativeTarget "ArcPreviewUITests" */ = {
			isa = XCConfigurationList;
			buildConfigurations = (
				FF4135BF2AE1AF0D00094AC5 /* Debug */,
				FF4135C02AE1AF0D00094AC5 /* Release */,
			);
			defaultConfigurationIsVisible = 0;
			defaultConfigurationName = Release;
		};
/* End XCConfigurationList section */

/* Begin XCRemoteSwiftPackageReference section */
		FF4135C72AE1B0A200094AC5 /* XCRemoteSwiftPackageReference "BridgeClientKMM" */ = {
			isa = XCRemoteSwiftPackageReference;
			repositoryURL = "https://github.com/BridgeDigitalHealth/BridgeClientKMM.git";
			requirement = {
				kind = upToNextMajorVersion;
				minimumVersion = 0.18.0;
			};
		};
/* End XCRemoteSwiftPackageReference section */

/* Begin XCSwiftPackageProductDependency section */
		FF4135C52AE1B07200094AC5 /* WashUArcWrapper-iOS */ = {
			isa = XCSwiftPackageProductDependency;
			productName = "WashUArcWrapper-iOS";
		};
		FF4135C82AE1B0A200094AC5 /* BridgeClient */ = {
			isa = XCSwiftPackageProductDependency;
			package = FF4135C72AE1B0A200094AC5 /* XCRemoteSwiftPackageReference "BridgeClientKMM" */;
			productName = BridgeClient;
		};
/* End XCSwiftPackageProductDependency section */
	};
	rootObject = FF41358C2AE1AF0C00094AC5 /* Project object */;
}
